// !$*UTF8*$!
{
	archiveVersion = 1;
	classes = {
	};
	objectVersion = 50;
	objects = {

/* Begin PBXBuildFile section */
		4FA88A1822FDB4E70038FF59 /* AppDelegate.swift in Sources */ = {isa = PBXBuildFile; fileRef = 4FA88A1722FDB4E70038FF59 /* AppDelegate.swift */; };
		4FA88A1A22FDB4E70038FF59 /* ViewController.swift in Sources */ = {isa = PBXBuildFile; fileRef = 4FA88A1922FDB4E70038FF59 /* ViewController.swift */; };
		4FA88A1D22FDB4E70038FF59 /* Main.storyboard in Resources */ = {isa = PBXBuildFile; fileRef = 4FA88A1B22FDB4E70038FF59 /* Main.storyboard */; };
		4FA88A1F22FDB4E70038FF59 /* Assets.xcassets in Resources */ = {isa = PBXBuildFile; fileRef = 4FA88A1E22FDB4E70038FF59 /* Assets.xcassets */; };
		4FA88A2222FDB4E70038FF59 /* LaunchScreen.storyboard in Resources */ = {isa = PBXBuildFile; fileRef = 4FA88A2022FDB4E70038FF59 /* LaunchScreen.storyboard */; };
		4FA88A2D22FDB4E70038FF59 /* SMSTests.swift in Sources */ = {isa = PBXBuildFile; fileRef = 4FA88A2C22FDB4E70038FF59 /* SMSTests.swift */; };
		4FA88A3822FDB4E70038FF59 /* SMSUITests.swift in Sources */ = {isa = PBXBuildFile; fileRef = 4FA88A3722FDB4E70038FF59 /* SMSUITests.swift */; };
/* End PBXBuildFile section */

/* Begin PBXContainerItemProxy section */
		4FA88A2922FDB4E70038FF59 /* PBXContainerItemProxy */ = {
			isa = PBXContainerItemProxy;
			containerPortal = 4FA88A0C22FDB4E70038FF59 /* Project object */;
			proxyType = 1;
			remoteGlobalIDString = 4FA88A1322FDB4E70038FF59;
			remoteInfo = SMS;
		};
		4FA88A3422FDB4E70038FF59 /* PBXContainerItemProxy */ = {
			isa = PBXContainerItemProxy;
			containerPortal = 4FA88A0C22FDB4E70038FF59 /* Project object */;
			proxyType = 1;
			remoteGlobalIDString = 4FA88A1322FDB4E70038FF59;
			remoteInfo = SMS;
		};
/* End PBXContainerItemProxy section */

/* Begin PBXFileReference section */
		4FA88A1422FDB4E70038FF59 /* SMS.app */ = {isa = PBXFileReference; explicitFileType = wrapper.application; includeInIndex = 0; path = SMS.app; sourceTree = BUILT_PRODUCTS_DIR; };
		4FA88A1722FDB4E70038FF59 /* AppDelegate.swift */ = {isa = PBXFileReference; lastKnownFileType = sourcecode.swift; path = AppDelegate.swift; sourceTree = "<group>"; };
		4FA88A1922FDB4E70038FF59 /* ViewController.swift */ = {isa = PBXFileReference; lastKnownFileType = sourcecode.swift; path = ViewController.swift; sourceTree = "<group>"; };
		4FA88A1C22FDB4E70038FF59 /* Base */ = {isa = PBXFileReference; lastKnownFileType = file.storyboard; name = Base; path = Base.lproj/Main.storyboard; sourceTree = "<group>"; };
		4FA88A1E22FDB4E70038FF59 /* Assets.xcassets */ = {isa = PBXFileReference; lastKnownFileType = folder.assetcatalog; path = Assets.xcassets; sourceTree = "<group>"; };
		4FA88A2122FDB4E70038FF59 /* Base */ = {isa = PBXFileReference; lastKnownFileType = file.storyboard; name = Base; path = Base.lproj/LaunchScreen.storyboard; sourceTree = "<group>"; };
		4FA88A2322FDB4E70038FF59 /* Info.plist */ = {isa = PBXFileReference; lastKnownFileType = text.plist.xml; path = Info.plist; sourceTree = "<group>"; };
		4FA88A2822FDB4E70038FF59 /* SMSTests.xctest */ = {isa = PBXFileReference; explicitFileType = wrapper.cfbundle; includeInIndex = 0; path = SMSTests.xctest; sourceTree = BUILT_PRODUCTS_DIR; };
		4FA88A2C22FDB4E70038FF59 /* SMSTests.swift */ = {isa = PBXFileReference; lastKnownFileType = sourcecode.swift; path = SMSTests.swift; sourceTree = "<group>"; };
		4FA88A2E22FDB4E70038FF59 /* Info.plist */ = {isa = PBXFileReference; lastKnownFileType = text.plist.xml; path = Info.plist; sourceTree = "<group>"; };
		4FA88A3322FDB4E70038FF59 /* SMSUITests.xctest */ = {isa = PBXFileReference; explicitFileType = wrapper.cfbundle; includeInIndex = 0; path = SMSUITests.xctest; sourceTree = BUILT_PRODUCTS_DIR; };
		4FA88A3722FDB4E70038FF59 /* SMSUITests.swift */ = {isa = PBXFileReference; lastKnownFileType = sourcecode.swift; path = SMSUITests.swift; sourceTree = "<group>"; };
		4FA88A3922FDB4E70038FF59 /* Info.plist */ = {isa = PBXFileReference; lastKnownFileType = text.plist.xml; path = Info.plist; sourceTree = "<group>"; };
/* End PBXFileReference section */

/* Begin PBXFrameworksBuildPhase section */
		4FA88A1122FDB4E70038FF59 /* Frameworks */ = {
			isa = PBXFrameworksBuildPhase;
			buildActionMask = 2147483647;
			files = (
			);
			runOnlyForDeploymentPostprocessing = 0;
		};
		4FA88A2522FDB4E70038FF59 /* Frameworks */ = {
			isa = PBXFrameworksBuildPhase;
			buildActionMask = 2147483647;
			files = (
			);
			runOnlyForDeploymentPostprocessing = 0;
		};
		4FA88A3022FDB4E70038FF59 /* Frameworks */ = {
			isa = PBXFrameworksBuildPhase;
			buildActionMask = 2147483647;
			files = (
			);
			runOnlyForDeploymentPostprocessing = 0;
		};
/* End PBXFrameworksBuildPhase section */

/* Begin PBXGroup section */
		4FA88A0B22FDB4E70038FF59 = {
			isa = PBXGroup;
			children = (
				4FA88A1622FDB4E70038FF59 /* SMS */,
				4FA88A2B22FDB4E70038FF59 /* SMSTests */,
				4FA88A3622FDB4E70038FF59 /* SMSUITests */,
				4FA88A1522FDB4E70038FF59 /* Products */,
			);
			sourceTree = "<group>";
		};
		4FA88A1522FDB4E70038FF59 /* Products */ = {
			isa = PBXGroup;
			children = (
				4FA88A1422FDB4E70038FF59 /* SMS.app */,
				4FA88A2822FDB4E70038FF59 /* SMSTests.xctest */,
				4FA88A3322FDB4E70038FF59 /* SMSUITests.xctest */,
			);
			name = Products;
			sourceTree = "<group>";
		};
		4FA88A1622FDB4E70038FF59 /* SMS */ = {
			isa = PBXGroup;
			children = (
				4FA88A1722FDB4E70038FF59 /* AppDelegate.swift */,
				4FA88A1922FDB4E70038FF59 /* ViewController.swift */,
				4FA88A1B22FDB4E70038FF59 /* Main.storyboard */,
				4FA88A1E22FDB4E70038FF59 /* Assets.xcassets */,
				4FA88A2022FDB4E70038FF59 /* LaunchScreen.storyboard */,
				4FA88A2322FDB4E70038FF59 /* Info.plist */,
			);
			path = SMS;
			sourceTree = "<group>";
		};
		4FA88A2B22FDB4E70038FF59 /* SMSTests */ = {
			isa = PBXGroup;
			children = (
				4FA88A2C22FDB4E70038FF59 /* SMSTests.swift */,
				4FA88A2E22FDB4E70038FF59 /* Info.plist */,
			);
			path = SMSTests;
			sourceTree = "<group>";
		};
		4FA88A3622FDB4E70038FF59 /* SMSUITests */ = {
			isa = PBXGroup;
			children = (
				4FA88A3722FDB4E70038FF59 /* SMSUITests.swift */,
				4FA88A3922FDB4E70038FF59 /* Info.plist */,
			);
			path = SMSUITests;
			sourceTree = "<group>";
		};
/* End PBXGroup section */

/* Begin PBXNativeTarget section */
		4FA88A1322FDB4E70038FF59 /* SMS */ = {
			isa = PBXNativeTarget;
			buildConfigurationList = 4FA88A3C22FDB4E70038FF59 /* Build configuration list for PBXNativeTarget "SMS" */;
			buildPhases = (
				4FA88A1022FDB4E70038FF59 /* Sources */,
				4FA88A1122FDB4E70038FF59 /* Frameworks */,
				4FA88A1222FDB4E70038FF59 /* Resources */,
			);
			buildRules = (
			);
			dependencies = (
			);
			name = SMS;
			productName = SMS;
			productReference = 4FA88A1422FDB4E70038FF59 /* SMS.app */;
			productType = "com.apple.product-type.application";
		};
		4FA88A2722FDB4E70038FF59 /* SMSTests */ = {
			isa = PBXNativeTarget;
			buildConfigurationList = 4FA88A3F22FDB4E70038FF59 /* Build configuration list for PBXNativeTarget "SMSTests" */;
			buildPhases = (
				4FA88A2422FDB4E70038FF59 /* Sources */,
				4FA88A2522FDB4E70038FF59 /* Frameworks */,
				4FA88A2622FDB4E70038FF59 /* Resources */,
			);
			buildRules = (
			);
			dependencies = (
				4FA88A2A22FDB4E70038FF59 /* PBXTargetDependency */,
			);
			name = SMSTests;
			productName = SMSTests;
			productReference = 4FA88A2822FDB4E70038FF59 /* SMSTests.xctest */;
			productType = "com.apple.product-type.bundle.unit-test";
		};
		4FA88A3222FDB4E70038FF59 /* SMSUITests */ = {
			isa = PBXNativeTarget;
			buildConfigurationList = 4FA88A4222FDB4E70038FF59 /* Build configuration list for PBXNativeTarget "SMSUITests" */;
			buildPhases = (
				4FA88A2F22FDB4E70038FF59 /* Sources */,
				4FA88A3022FDB4E70038FF59 /* Frameworks */,
				4FA88A3122FDB4E70038FF59 /* Resources */,
			);
			buildRules = (
			);
			dependencies = (
				4FA88A3522FDB4E70038FF59 /* PBXTargetDependency */,
			);
			name = SMSUITests;
			productName = SMSUITests;
			productReference = 4FA88A3322FDB4E70038FF59 /* SMSUITests.xctest */;
			productType = "com.apple.product-type.bundle.ui-testing";
		};
/* End PBXNativeTarget section */

/* Begin PBXProject section */
		4FA88A0C22FDB4E70038FF59 /* Project object */ = {
			isa = PBXProject;
			attributes = {
				LastSwiftUpdateCheck = 1010;
				LastUpgradeCheck = 1010;
				ORGANIZATIONNAME = Codenerds;
				TargetAttributes = {
					4FA88A1322FDB4E70038FF59 = {
						CreatedOnToolsVersion = 10.1;
					};
					4FA88A2722FDB4E70038FF59 = {
						CreatedOnToolsVersion = 10.1;
						TestTargetID = 4FA88A1322FDB4E70038FF59;
					};
					4FA88A3222FDB4E70038FF59 = {
						CreatedOnToolsVersion = 10.1;
						TestTargetID = 4FA88A1322FDB4E70038FF59;
					};
				};
			};
			buildConfigurationList = 4FA88A0F22FDB4E70038FF59 /* Build configuration list for PBXProject "SMS" */;
			compatibilityVersion = "Xcode 9.3";
			developmentRegion = en;
			hasScannedForEncodings = 0;
			knownRegions = (
				en,
				Base,
			);
			mainGroup = 4FA88A0B22FDB4E70038FF59;
			productRefGroup = 4FA88A1522FDB4E70038FF59 /* Products */;
			projectDirPath = "";
			projectRoot = "";
			targets = (
				4FA88A1322FDB4E70038FF59 /* SMS */,
				4FA88A2722FDB4E70038FF59 /* SMSTests */,
				4FA88A3222FDB4E70038FF59 /* SMSUITests */,
			);
		};
/* End PBXProject section */

/* Begin PBXResourcesBuildPhase section */
		4FA88A1222FDB4E70038FF59 /* Resources */ = {
			isa = PBXResourcesBuildPhase;
			buildActionMask = 2147483647;
			files = (
				4FA88A2222FDB4E70038FF59 /* LaunchScreen.storyboard in Resources */,
				4FA88A1F22FDB4E70038FF59 /* Assets.xcassets in Resources */,
				4FA88A1D22FDB4E70038FF59 /* Main.storyboard in Resources */,
			);
			runOnlyForDeploymentPostprocessing = 0;
		};
		4FA88A2622FDB4E70038FF59 /* Resources */ = {
			isa = PBXResourcesBuildPhase;
			buildActionMask = 2147483647;
			files = (
			);
			runOnlyForDeploymentPostprocessing = 0;
		};
		4FA88A3122FDB4E70038FF59 /* Resources */ = {
			isa = PBXResourcesBuildPhase;
			buildActionMask = 2147483647;
			files = (
			);
			runOnlyForDeploymentPostprocessing = 0;
		};
/* End PBXResourcesBuildPhase section */

/* Begin PBXSourcesBuildPhase section */
		4FA88A1022FDB4E70038FF59 /* Sources */ = {
			isa = PBXSourcesBuildPhase;
			buildActionMask = 2147483647;
			files = (
				4FA88A1A22FDB4E70038FF59 /* ViewController.swift in Sources */,
				4FA88A1822FDB4E70038FF59 /* AppDelegate.swift in Sources */,
			);
			runOnlyForDeploymentPostprocessing = 0;
		};
		4FA88A2422FDB4E70038FF59 /* Sources */ = {
			isa = PBXSourcesBuildPhase;
			buildActionMask = 2147483647;
			files = (
				4FA88A2D22FDB4E70038FF59 /* SMSTests.swift in Sources */,
			);
			runOnlyForDeploymentPostprocessing = 0;
		};
		4FA88A2F22FDB4E70038FF59 /* Sources */ = {
			isa = PBXSourcesBuildPhase;
			buildActionMask = 2147483647;
			files = (
				4FA88A3822FDB4E70038FF59 /* SMSUITests.swift in Sources */,
			);
			runOnlyForDeploymentPostprocessing = 0;
		};
/* End PBXSourcesBuildPhase section */

/* Begin PBXTargetDependency section */
		4FA88A2A22FDB4E70038FF59 /* PBXTargetDependency */ = {
			isa = PBXTargetDependency;
			target = 4FA88A1322FDB4E70038FF59 /* SMS */;
			targetProxy = 4FA88A2922FDB4E70038FF59 /* PBXContainerItemProxy */;
		};
		4FA88A3522FDB4E70038FF59 /* PBXTargetDependency */ = {
			isa = PBXTargetDependency;
			target = 4FA88A1322FDB4E70038FF59 /* SMS */;
			targetProxy = 4FA88A3422FDB4E70038FF59 /* PBXContainerItemProxy */;
		};
/* End PBXTargetDependency section */

/* Begin PBXVariantGroup section */
		4FA88A1B22FDB4E70038FF59 /* Main.storyboard */ = {
			isa = PBXVariantGroup;
			children = (
				4FA88A1C22FDB4E70038FF59 /* Base */,
			);
			name = Main.storyboard;
			sourceTree = "<group>";
		};
		4FA88A2022FDB4E70038FF59 /* LaunchScreen.storyboard */ = {
			isa = PBXVariantGroup;
			children = (
				4FA88A2122FDB4E70038FF59 /* Base */,
			);
			name = LaunchScreen.storyboard;
			sourceTree = "<group>";
		};
/* End PBXVariantGroup section */

/* Begin XCBuildConfiguration section */
		4FA88A3A22FDB4E70038FF59 /* Debug */ = {
			isa = XCBuildConfiguration;
			buildSettings = {
				ALWAYS_SEARCH_USER_PATHS = NO;
				CLANG_ANALYZER_NONNULL = YES;
				CLANG_ANALYZER_NUMBER_OBJECT_CONVERSION = YES_AGGRESSIVE;
				CLANG_CXX_LANGUAGE_STANDARD = "gnu++14";
				CLANG_CXX_LIBRARY = "libc++";
				CLANG_ENABLE_MODULES = YES;
				CLANG_ENABLE_OBJC_ARC = YES;
				CLANG_ENABLE_OBJC_WEAK = YES;
				CLANG_WARN_BLOCK_CAPTURE_AUTORELEASING = YES;
				CLANG_WARN_BOOL_CONVERSION = YES;
				CLANG_WARN_COMMA = YES;
				CLANG_WARN_CONSTANT_CONVERSION = YES;
				CLANG_WARN_DEPRECATED_OBJC_IMPLEMENTATIONS = YES;
				CLANG_WARN_DIRECT_OBJC_ISA_USAGE = YES_ERROR;
				CLANG_WARN_DOCUMENTATION_COMMENTS = YES;
				CLANG_WARN_EMPTY_BODY = YES;
				CLANG_WARN_ENUM_CONVERSION = YES;
				CLANG_WARN_INFINITE_RECURSION = YES;
				CLANG_WARN_INT_CONVERSION = YES;
				CLANG_WARN_NON_LITERAL_NULL_CONVERSION = YES;
				CLANG_WARN_OBJC_IMPLICIT_RETAIN_SELF = YES;
				CLANG_WARN_OBJC_LITERAL_CONVERSION = YES;
				CLANG_WARN_OBJC_ROOT_CLASS = YES_ERROR;
				CLANG_WARN_RANGE_LOOP_ANALYSIS = YES;
				CLANG_WARN_STRICT_PROTOTYPES = YES;
				CLANG_WARN_SUSPICIOUS_MOVE = YES;
				CLANG_WARN_UNGUARDED_AVAILABILITY = YES_AGGRESSIVE;
				CLANG_WARN_UNREACHABLE_CODE = YES;
				CLANG_WARN__DUPLICATE_METHOD_MATCH = YES;
				CODE_SIGN_IDENTITY = "iPhone Developer";
				COPY_PHASE_STRIP = NO;
				DEBUG_INFORMATION_FORMAT = dwarf;
				ENABLE_STRICT_OBJC_MSGSEND = YES;
				ENABLE_TESTABILITY = YES;
				GCC_C_LANGUAGE_STANDARD = gnu11;
				GCC_DYNAMIC_NO_PIC = NO;
				GCC_NO_COMMON_BLOCKS = YES;
				GCC_OPTIMIZATION_LEVEL = 0;
				GCC_PREPROCESSOR_DEFINITIONS = (
					"DEBUG=1",
					"$(inherited)",
				);
				GCC_WARN_64_TO_32_BIT_CONVERSION = YES;
				GCC_WARN_ABOUT_RETURN_TYPE = YES_ERROR;
				GCC_WARN_UNDECLARED_SELECTOR = YES;
				GCC_WARN_UNINITIALIZED_AUTOS = YES_AGGRESSIVE;
				GCC_WARN_UNUSED_FUNCTION = YES;
				GCC_WARN_UNUSED_VARIABLE = YES;
				IPHONEOS_DEPLOYMENT_TARGET = 12.1;
				MTL_ENABLE_DEBUG_INFO = INCLUDE_SOURCE;
				MTL_FAST_MATH = YES;
				ONLY_ACTIVE_ARCH = YES;
				SDKROOT = iphoneos;
				SWIFT_ACTIVE_COMPILATION_CONDITIONS = DEBUG;
				SWIFT_OPTIMIZATION_LEVEL = "-Onone";
			};
			name = Debug;
		};
		4FA88A3B22FDB4E70038FF59 /* Release */ = {
			isa = XCBuildConfiguration;
			buildSettings = {
				ALWAYS_SEARCH_USER_PATHS = NO;
				CLANG_ANALYZER_NONNULL = YES;
				CLANG_ANALYZER_NUMBER_OBJECT_CONVERSION = YES_AGGRESSIVE;
				CLANG_CXX_LANGUAGE_STANDARD = "gnu++14";
				CLANG_CXX_LIBRARY = "libc++";
				CLANG_ENABLE_MODULES = YES;
				CLANG_ENABLE_OBJC_ARC = YES;
				CLANG_ENABLE_OBJC_WEAK = YES;
				CLANG_WARN_BLOCK_CAPTURE_AUTORELEASING = YES;
				CLANG_WARN_BOOL_CONVERSION = YES;
				CLANG_WARN_COMMA = YES;
				CLANG_WARN_CONSTANT_CONVERSION = YES;
				CLANG_WARN_DEPRECATED_OBJC_IMPLEMENTATIONS = YES;
				CLANG_WARN_DIRECT_OBJC_ISA_USAGE = YES_ERROR;
				CLANG_WARN_DOCUMENTATION_COMMENTS = YES;
				CLANG_WARN_EMPTY_BODY = YES;
				CLANG_WARN_ENUM_CONVERSION = YES;
				CLANG_WARN_INFINITE_RECURSION = YES;
				CLANG_WARN_INT_CONVERSION = YES;
				CLANG_WARN_NON_LITERAL_NULL_CONVERSION = YES;
				CLANG_WARN_OBJC_IMPLICIT_RETAIN_SELF = YES;
				CLANG_WARN_OBJC_LITERAL_CONVERSION = YES;
				CLANG_WARN_OBJC_ROOT_CLASS = YES_ERROR;
				CLANG_WARN_RANGE_LOOP_ANALYSIS = YES;
				CLANG_WARN_STRICT_PROTOTYPES = YES;
				CLANG_WARN_SUSPICIOUS_MOVE = YES;
				CLANG_WARN_UNGUARDED_AVAILABILITY = YES_AGGRESSIVE;
				CLANG_WARN_UNREACHABLE_CODE = YES;
				CLANG_WARN__DUPLICATE_METHOD_MATCH = YES;
				CODE_SIGN_IDENTITY = "iPhone Developer";
				COPY_PHASE_STRIP = NO;
				DEBUG_INFORMATION_FORMAT = "dwarf-with-dsym";
				ENABLE_NS_ASSERTIONS = NO;
				ENABLE_STRICT_OBJC_MSGSEND = YES;
				GCC_C_LANGUAGE_STANDARD = gnu11;
				GCC_NO_COMMON_BLOCKS = YES;
				GCC_WARN_64_TO_32_BIT_CONVERSION = YES;
				GCC_WARN_ABOUT_RETURN_TYPE = YES_ERROR;
				GCC_WARN_UNDECLARED_SELECTOR = YES;
				GCC_WARN_UNINITIALIZED_AUTOS = YES_AGGRESSIVE;
				GCC_WARN_UNUSED_FUNCTION = YES;
				GCC_WARN_UNUSED_VARIABLE = YES;
				IPHONEOS_DEPLOYMENT_TARGET = 12.1;
				MTL_ENABLE_DEBUG_INFO = NO;
				MTL_FAST_MATH = YES;
				SDKROOT = iphoneos;
				SWIFT_COMPILATION_MODE = wholemodule;
				SWIFT_OPTIMIZATION_LEVEL = "-O";
				VALIDATE_PRODUCT = YES;
			};
			name = Release;
		};
		4FA88A3D22FDB4E70038FF59 /* Debug */ = {
			isa = XCBuildConfiguration;
			buildSettings = {
				ASSETCATALOG_COMPILER_APPICON_NAME = AppIcon;
				CODE_SIGN_STYLE = Automatic;
				DEVELOPMENT_TEAM = PLQ3Z82R33;
				INFOPLIST_FILE = SMS/Info.plist;
				LD_RUNPATH_SEARCH_PATHS = (
					"$(inherited)",
					"@executable_path/Frameworks",
				);
				PRODUCT_BUNDLE_IDENTIFIER = UTS.Codenerds.SMS;
				PRODUCT_NAME = "$(TARGET_NAME)";
				SWIFT_VERSION = 4.2;
				TARGETED_DEVICE_FAMILY = "1,2";
			};
			name = Debug;
		};
		4FA88A3E22FDB4E70038FF59 /* Release */ = {
			isa = XCBuildConfiguration;
			buildSettings = {
				ASSETCATALOG_COMPILER_APPICON_NAME = AppIcon;
				CODE_SIGN_STYLE = Automatic;
				DEVELOPMENT_TEAM = PLQ3Z82R33;
				INFOPLIST_FILE = SMS/Info.plist;
				LD_RUNPATH_SEARCH_PATHS = (
					"$(inherited)",
					"@executable_path/Frameworks",
				);
				PRODUCT_BUNDLE_IDENTIFIER = UTS.Codenerds.SMS;
				PRODUCT_NAME = "$(TARGET_NAME)";
				SWIFT_VERSION = 4.2;
				TARGETED_DEVICE_FAMILY = "1,2";
			};
			name = Release;
		};
		4FA88A4022FDB4E70038FF59 /* Debug */ = {
			isa = XCBuildConfiguration;
			buildSettings = {
				ALWAYS_EMBED_SWIFT_STANDARD_LIBRARIES = YES;
				BUNDLE_LOADER = "$(TEST_HOST)";
				CODE_SIGN_STYLE = Automatic;
				DEVELOPMENT_TEAM = PLQ3Z82R33;
				INFOPLIST_FILE = SMSTests/Info.plist;
				LD_RUNPATH_SEARCH_PATHS = (
					"$(inherited)",
					"@executable_path/Frameworks",
					"@loader_path/Frameworks",
				);
				PRODUCT_BUNDLE_IDENTIFIER = UTS.Codenerds.SMSTests;
				PRODUCT_NAME = "$(TARGET_NAME)";
				SWIFT_VERSION = 4.2;
				TARGETED_DEVICE_FAMILY = "1,2";
				TEST_HOST = "$(BUILT_PRODUCTS_DIR)/SMS.app/SMS";
			};
			name = Debug;
		};
		4FA88A4122FDB4E70038FF59 /* Release */ = {
			isa = XCBuildConfiguration;
			buildSettings = {
				ALWAYS_EMBED_SWIFT_STANDARD_LIBRARIES = YES;
				BUNDLE_LOADER = "$(TEST_HOST)";
				CODE_SIGN_STYLE = Automatic;
				DEVELOPMENT_TEAM = PLQ3Z82R33;
				INFOPLIST_FILE = SMSTests/Info.plist;
				LD_RUNPATH_SEARCH_PATHS = (
					"$(inherited)",
					"@executable_path/Frameworks",
					"@loader_path/Frameworks",
				);
				PRODUCT_BUNDLE_IDENTIFIER = UTS.Codenerds.SMSTests;
				PRODUCT_NAME = "$(TARGET_NAME)";
				SWIFT_VERSION = 4.2;
				TARGETED_DEVICE_FAMILY = "1,2";
				TEST_HOST = "$(BUILT_PRODUCTS_DIR)/SMS.app/SMS";
			};
			name = Release;
		};
		4FA88A4322FDB4E70038FF59 /* Debug */ = {
			isa = XCBuildConfiguration;
			buildSettings = {
				ALWAYS_EMBED_SWIFT_STANDARD_LIBRARIES = YES;
				CODE_SIGN_STYLE = Automatic;
				DEVELOPMENT_TEAM = PLQ3Z82R33;
				INFOPLIST_FILE = SMSUITests/Info.plist;
				LD_RUNPATH_SEARCH_PATHS = (
					"$(inherited)",
					"@executable_path/Frameworks",
					"@loader_path/Frameworks",
				);
				PRODUCT_BUNDLE_IDENTIFIER = UTS.Codenerds.SMSUITests;
				PRODUCT_NAME = "$(TARGET_NAME)";
				SWIFT_VERSION = 4.2;
				TARGETED_DEVICE_FAMILY = "1,2";
				TEST_TARGET_NAME = SMS;
			};
			name = Debug;
		};
		4FA88A4422FDB4E70038FF59 /* Release */ = {
			isa = XCBuildConfiguration;
			buildSettings = {
				ALWAYS_EMBED_SWIFT_STANDARD_LIBRARIES = YES;
				CODE_SIGN_STYLE = Automatic;
				DEVELOPMENT_TEAM = PLQ3Z82R33;
				INFOPLIST_FILE = SMSUITests/Info.plist;
				LD_RUNPATH_SEARCH_PATHS = (
					"$(inherited)",
					"@executable_path/Frameworks",
					"@loader_path/Frameworks",
				);
				PRODUCT_BUNDLE_IDENTIFIER = UTS.Codenerds.SMSUITests;
				PRODUCT_NAME = "$(TARGET_NAME)";
				SWIFT_VERSION = 4.2;
				TARGETED_DEVICE_FAMILY = "1,2";
				TEST_TARGET_NAME = SMS;
			};
			name = Release;
		};
/* End XCBuildConfiguration section */

/* Begin XCConfigurationList section */
		4FA88A0F22FDB4E70038FF59 /* Build configuration list for PBXProject "SMS" */ = {
			isa = XCConfigurationList;
			buildConfigurations = (
				4FA88A3A22FDB4E70038FF59 /* Debug */,
				4FA88A3B22FDB4E70038FF59 /* Release */,
			);
			defaultConfigurationIsVisible = 0;
			defaultConfigurationName = Release;
		};
		4FA88A3C22FDB4E70038FF59 /* Build configuration list for PBXNativeTarget "SMS" */ = {
			isa = XCConfigurationList;
			buildConfigurations = (
				4FA88A3D22FDB4E70038FF59 /* Debug */,
				4FA88A3E22FDB4E70038FF59 /* Release */,
			);
			defaultConfigurationIsVisible = 0;
			defaultConfigurationName = Release;
		};
		4FA88A3F22FDB4E70038FF59 /* Build configuration list for PBXNativeTarget "SMSTests" */ = {
			isa = XCConfigurationList;
			buildConfigurations = (
				4FA88A4022FDB4E70038FF59 /* Debug */,
				4FA88A4122FDB4E70038FF59 /* Release */,
			);
			defaultConfigurationIsVisible = 0;
			defaultConfigurationName = Release;
		};
		4FA88A4222FDB4E70038FF59 /* Build configuration list for PBXNativeTarget "SMSUITests" */ = {
			isa = XCConfigurationList;
			buildConfigurations = (
				4FA88A4322FDB4E70038FF59 /* Debug */,
				4FA88A4422FDB4E70038FF59 /* Release */,
			);
			defaultConfigurationIsVisible = 0;
			defaultConfigurationName = Release;
		};
/* End XCConfigurationList section */
	};
	rootObject = 4FA88A0C22FDB4E70038FF59 /* Project object */;
}
